
Microsoft Visual Studio Solution File, Format Version 12.00
# Visual Studio Version 16
VisualStudioVersion = 16.0.29215.179
MinimumVisualStudioVersion = 10.0.40219.1
Project("{FAE04EC0-301F-11D3-BF4B-00C04F79EFBC}") = "DaiDung", "DaiDung\DaiDung.csproj", "{D6A4EAD7-E440-4DB7-A5A0-082C1CA85E72}"
EndProject
Global
	GlobalSection(SolutionConfigurationPlatforms) = preSolution
		Debug|Any CPU = Debug|Any CPU
		Release|Any CPU = Release|Any CPU
	EndGlobalSection
	GlobalSection(ProjectConfigurationPlatforms) = postSolution
		{D6A4EAD7-E440-4DB7-A5A0-082C1CA85E72}.Debug|Any CPU.ActiveCfg = Debug|Any CPU
		{D6A4EAD7-E440-4DB7-A5A0-082C1CA85E72}.Debug|Any CPU.Build.0 = Debug|Any CPU
		{D6A4EAD7-E440-4DB7-A5A0-082C1CA85E72}.Release|Any CPU.ActiveCfg = Release|Any CPU
		{D6A4EAD7-E440-4DB7-A5A0-082C1CA85E72}.Release|Any CPU.Build.0 = Release|Any CPU
	EndGlobalSection
	GlobalSection(SolutionProperties) = preSolution
		HideSolutionNode = FALSE
	EndGlobalSection
	GlobalSection(ExtensibilityGlobals) = postSolution
		SolutionGuid = {5EC56F43-9E29-4603-A453-DF8EF617B9FC}
	EndGlobalSection
EndGlobal
